
Microsoft Visual Studio Solution File, Format Version 12.00
# Visual Studio Version 17
VisualStudioVersion = 17.0.31903.59
MinimumVisualStudioVersion = 10.0.40219.1
Project("{FAE04EC0-301F-11D3-BF4B-00C04F79EFBC}") = "lib", "lib\lib.csproj", "{FC06AC2E-8DEC-4B7F-8CCD-7C06A2AAC938}"
EndProject
Project("{FAE04EC0-301F-11D3-BF4B-00C04F79EFBC}") = "lib.tests", "lib.tests\lib.tests.csproj", "{A6345517-061F-4D13-8CCB-813EC25C2D05}"
EndProject
Global
	GlobalSection(SolutionConfigurationPlatforms) = preSolution
		Debug|Any CPU = Debug|Any CPU
		Debug|x64 = Debug|x64
		Debug|x86 = Debug|x86
		Release|Any CPU = Release|Any CPU
		Release|x64 = Release|x64
		Release|x86 = Release|x86
	EndGlobalSection
	GlobalSection(ProjectConfigurationPlatforms) = postSolution
		{FC06AC2E-8DEC-4B7F-8CCD-7C06A2AAC938}.Debug|Any CPU.ActiveCfg = Debug|Any CPU
		{FC06AC2E-8DEC-4B7F-8CCD-7C06A2AAC938}.Debug|Any CPU.Build.0 = Debug|Any CPU
		{FC06AC2E-8DEC-4B7F-8CCD-7C06A2AAC938}.Debug|x64.ActiveCfg = Debug|Any CPU
		{FC06AC2E-8DEC-4B7F-8CCD-7C06A2AAC938}.Debug|x64.Build.0 = Debug|Any CPU
		{FC06AC2E-8DEC-4B7F-8CCD-7C06A2AAC938}.Debug|x86.ActiveCfg = Debug|Any CPU
		{FC06AC2E-8DEC-4B7F-8CCD-7C06A2AAC938}.Debug|x86.Build.0 = Debug|Any CPU
		{FC06AC2E-8DEC-4B7F-8CCD-7C06A2AAC938}.Release|Any CPU.ActiveCfg = Release|Any CPU
		{FC06AC2E-8DEC-4B7F-8CCD-7C06A2AAC938}.Release|Any CPU.Build.0 = Release|Any CPU
		{FC06AC2E-8DEC-4B7F-8CCD-7C06A2AAC938}.Release|x64.ActiveCfg = Release|Any CPU
		{FC06AC2E-8DEC-4B7F-8CCD-7C06A2AAC938}.Release|x64.Build.0 = Release|Any CPU
		{FC06AC2E-8DEC-4B7F-8CCD-7C06A2AAC938}.Release|x86.ActiveCfg = Release|Any CPU
		{FC06AC2E-8DEC-4B7F-8CCD-7C06A2AAC938}.Release|x86.Build.0 = Release|Any CPU
		{A6345517-061F-4D13-8CCB-813EC25C2D05}.Debug|Any CPU.ActiveCfg = Debug|Any CPU
		{A6345517-061F-4D13-8CCB-813EC25C2D05}.Debug|Any CPU.Build.0 = Debug|Any CPU
		{A6345517-061F-4D13-8CCB-813EC25C2D05}.Debug|x64.ActiveCfg = Debug|Any CPU
		{A6345517-061F-4D13-8CCB-813EC25C2D05}.Debug|x64.Build.0 = Debug|Any CPU
		{A6345517-061F-4D13-8CCB-813EC25C2D05}.Debug|x86.ActiveCfg = Debug|Any CPU
		{A6345517-061F-4D13-8CCB-813EC25C2D05}.Debug|x86.Build.0 = Debug|Any CPU
		{A6345517-061F-4D13-8CCB-813EC25C2D05}.Release|Any CPU.ActiveCfg = Release|Any CPU
		{A6345517-061F-4D13-8CCB-813EC25C2D05}.Release|Any CPU.Build.0 = Release|Any CPU
		{A6345517-061F-4D13-8CCB-813EC25C2D05}.Release|x64.ActiveCfg = Release|Any CPU
		{A6345517-061F-4D13-8CCB-813EC25C2D05}.Release|x64.Build.0 = Release|Any CPU
		{A6345517-061F-4D13-8CCB-813EC25C2D05}.Release|x86.ActiveCfg = Release|Any CPU
		{A6345517-061F-4D13-8CCB-813EC25C2D05}.Release|x86.Build.0 = Release|Any CPU
	EndGlobalSection
	GlobalSection(SolutionProperties) = preSolution
		HideSolutionNode = FALSE
	EndGlobalSection
EndGlobal
